{
  "version": 4,
  "terraform_version": "0.12.20",
  "serial": 18,
  "lineage": "bb9ff3d2-69cb-51da-557d-1447503780cf",
  "outputs": {
    "kubeone_api": {
      "value": {
        "endpoint": null
      },
      "type": [
        "object",
        {
          "endpoint": "string"
        }
      ]
    },
    "kubeone_hosts": {
      "value": {
        "control_plane": {
          "bastion": null,
          "bastion_port": 22,
          "bastion_user": "ubuntu",
          "cloud_provider": "aws",
          "cluster_name": "udacity-microservices1",
          "hostnames": [
            null,
            null,
            null
          ],
          "leader_ip": null,
          "private_address": [
            null,
            null,
            null
          ],
          "ssh_agent_socket": "env:SSH_AUTH_SOCK",
          "ssh_port": 22,
          "ssh_private_key_file": "",
          "ssh_user": "ubuntu"
        }
      },
      "type": [
        "object",
        {
          "control_plane": [
            "object",
            {
              "bastion": "string",
              "bastion_port": "number",
              "bastion_user": "string",
              "cloud_provider": "string",
              "cluster_name": "string",
              "hostnames": [
                "tuple",
                [
                  "string",
                  "string",
                  "string"
                ]
              ],
              "leader_ip": "string",
              "private_address": [
                "tuple",
                [
                  "string",
                  "string",
                  "string"
                ]
              ],
              "ssh_agent_socket": "string",
              "ssh_port": "number",
              "ssh_private_key_file": "string",
              "ssh_user": "string"
            }
          ]
        }
      ]
    },
    "kubeone_workers": {
      "value": {
        "udacity-microservices1-us-east-1a": {
          "providerSpec": {
            "cloudProviderSpec": {
              "ami": "ami-046842448f9e74e7d",
              "availabilityZone": "us-east-1a",
              "diskIops": 500,
              "diskSize": 50,
              "diskType": "gp2",
              "instanceProfile": "udacity-microservices1-host",
              "instanceType": "t3.medium",
              "region": "us-east-1",
              "securityGroupIDs": [
                "sg-0f244614b3e687582"
              ],
              "subnetId": "subnet-051820b309d26fd88",
              "tags": {
                "udacity-microservices1-workers": ""
              },
              "vpcId": "vpc-60a9801a"
            },
            "operatingSystem": "ubuntu",
            "operatingSystemSpec": {
              "distUpgradeOnBoot": false
            },
            "sshPublicKeys": [
              "ssh-rsa AAAAB3NzaC1yc2EAAAADAQABAAABAQDjXKJBRpk0j1aB65s43bvWddQDgbG4uuKTMfLP2u+OyU4u8YGQi3QH/bnxBTcoWgT/5Ns8TZSZbQb7aObQ82XEEJveatmtXtaQO+GY+jTBA/ddmwJbWPYDZhOkpSKRVMmuE3mVYX2AH9ff798X35naCdzPQAzob9IyipFZ0J7XddFSDL7Q0NRfE0yq4Up5qfvUojQnqadA34IWcKFmxcRy6cr099bAtE/ZEbH2kPXx6T5ByHTvGQOz2sOoAdgnTYa6SoBxcyfrmXeeY2a2cZ5G4Gvr2lWas/cdU81vEYAyN3dOq6yGJWIILvXRtevng7nPOJmz2z3Pzp7BVIuq1d1v aws-eb-udagram"
            ]
          },
          "replicas": 1
        },
        "udacity-microservices1-us-east-1b": {
          "providerSpec": {
            "cloudProviderSpec": {
              "ami": "ami-046842448f9e74e7d",
              "availabilityZone": "us-east-1b",
              "diskIops": 500,
              "diskSize": 50,
              "diskType": "gp2",
              "instanceProfile": "udacity-microservices1-host",
              "instanceType": "t3.medium",
              "region": "us-east-1",
              "securityGroupIDs": [
                "sg-0f244614b3e687582"
              ],
              "subnetId": "subnet-00a7cdb726a28e0eb",
              "tags": {
                "udacity-microservices1-workers": ""
              },
              "vpcId": "vpc-60a9801a"
            },
            "operatingSystem": "ubuntu",
            "operatingSystemSpec": {
              "distUpgradeOnBoot": false
            },
            "sshPublicKeys": [
              "ssh-rsa AAAAB3NzaC1yc2EAAAADAQABAAABAQDjXKJBRpk0j1aB65s43bvWddQDgbG4uuKTMfLP2u+OyU4u8YGQi3QH/bnxBTcoWgT/5Ns8TZSZbQb7aObQ82XEEJveatmtXtaQO+GY+jTBA/ddmwJbWPYDZhOkpSKRVMmuE3mVYX2AH9ff798X35naCdzPQAzob9IyipFZ0J7XddFSDL7Q0NRfE0yq4Up5qfvUojQnqadA34IWcKFmxcRy6cr099bAtE/ZEbH2kPXx6T5ByHTvGQOz2sOoAdgnTYa6SoBxcyfrmXeeY2a2cZ5G4Gvr2lWas/cdU81vEYAyN3dOq6yGJWIILvXRtevng7nPOJmz2z3Pzp7BVIuq1d1v aws-eb-udagram"
            ]
          },
          "replicas": 1
        },
        "udacity-microservices1-us-east-1c": {
          "providerSpec": {
            "cloudProviderSpec": {
              "ami": "ami-046842448f9e74e7d",
              "availabilityZone": "us-east-1c",
              "diskIops": 500,
              "diskSize": 50,
              "diskType": "gp2",
              "instanceProfile": "udacity-microservices1-host",
              "instanceType": "t3.medium",
              "region": "us-east-1",
              "securityGroupIDs": [
                "sg-0f244614b3e687582"
              ],
              "subnetId": "subnet-07b2df6e081178724",
              "tags": {
                "udacity-microservices1-workers": ""
              },
              "vpcId": "vpc-60a9801a"
            },
            "operatingSystem": "ubuntu",
            "operatingSystemSpec": {
              "distUpgradeOnBoot": false
            },
            "sshPublicKeys": [
              "ssh-rsa AAAAB3NzaC1yc2EAAAADAQABAAABAQDjXKJBRpk0j1aB65s43bvWddQDgbG4uuKTMfLP2u+OyU4u8YGQi3QH/bnxBTcoWgT/5Ns8TZSZbQb7aObQ82XEEJveatmtXtaQO+GY+jTBA/ddmwJbWPYDZhOkpSKRVMmuE3mVYX2AH9ff798X35naCdzPQAzob9IyipFZ0J7XddFSDL7Q0NRfE0yq4Up5qfvUojQnqadA34IWcKFmxcRy6cr099bAtE/ZEbH2kPXx6T5ByHTvGQOz2sOoAdgnTYa6SoBxcyfrmXeeY2a2cZ5G4Gvr2lWas/cdU81vEYAyN3dOq6yGJWIILvXRtevng7nPOJmz2z3Pzp7BVIuq1d1v aws-eb-udagram"
            ]
          },
          "replicas": 1
        }
      },
      "type": [
        "object",
        {
          "udacity-microservices1-us-east-1a": [
            "object",
            {
              "providerSpec": [
                "object",
                {
                  "cloudProviderSpec": [
                    "object",
                    {
                      "ami": "string",
                      "availabilityZone": "string",
                      "diskIops": "number",
                      "diskSize": "number",
                      "diskType": "string",
                      "instanceProfile": "string",
                      "instanceType": "string",
                      "region": "string",
                      "securityGroupIDs": [
                        "tuple",
                        [
                          "string"
                        ]
                      ],
                      "subnetId": "string",
                      "tags": [
                        "object",
                        {
                          "udacity-microservices1-workers": "string"
                        }
                      ],
                      "vpcId": "string"
                    }
                  ],
                  "operatingSystem": "string",
                  "operatingSystemSpec": [
                    "object",
                    {
                      "distUpgradeOnBoot": "bool"
                    }
                  ],
                  "sshPublicKeys": [
                    "tuple",
                    [
                      "string"
                    ]
                  ]
                }
              ],
              "replicas": "number"
            }
          ],
          "udacity-microservices1-us-east-1b": [
            "object",
            {
              "providerSpec": [
                "object",
                {
                  "cloudProviderSpec": [
                    "object",
                    {
                      "ami": "string",
                      "availabilityZone": "string",
                      "diskIops": "number",
                      "diskSize": "number",
                      "diskType": "string",
                      "instanceProfile": "string",
                      "instanceType": "string",
                      "region": "string",
                      "securityGroupIDs": [
                        "tuple",
                        [
                          "string"
                        ]
                      ],
                      "subnetId": "string",
                      "tags": [
                        "object",
                        {
                          "udacity-microservices1-workers": "string"
                        }
                      ],
                      "vpcId": "string"
                    }
                  ],
                  "operatingSystem": "string",
                  "operatingSystemSpec": [
                    "object",
                    {
                      "distUpgradeOnBoot": "bool"
                    }
                  ],
                  "sshPublicKeys": [
                    "tuple",
                    [
                      "string"
                    ]
                  ]
                }
              ],
              "replicas": "number"
            }
          ],
          "udacity-microservices1-us-east-1c": [
            "object",
            {
              "providerSpec": [
                "object",
                {
                  "cloudProviderSpec": [
                    "object",
                    {
                      "ami": "string",
                      "availabilityZone": "string",
                      "diskIops": "number",
                      "diskSize": "number",
                      "diskType": "string",
                      "instanceProfile": "string",
                      "instanceType": "string",
                      "region": "string",
                      "securityGroupIDs": [
                        "tuple",
                        [
                          "string"
                        ]
                      ],
                      "subnetId": "string",
                      "tags": [
                        "object",
                        {
                          "udacity-microservices1-workers": "string"
                        }
                      ],
                      "vpcId": "string"
                    }
                  ],
                  "operatingSystem": "string",
                  "operatingSystemSpec": [
                    "object",
                    {
                      "distUpgradeOnBoot": "bool"
                    }
                  ],
                  "sshPublicKeys": [
                    "tuple",
                    [
                      "string"
                    ]
                  ]
                }
              ],
              "replicas": "number"
            }
          ]
        }
      ]
    }
  },
  "resources": [
    {
      "mode": "data",
      "type": "aws_ami",
      "name": "ubuntu",
      "provider": "provider.aws",
      "instances": [
        {
          "schema_version": 0,
          "attributes": {
            "architecture": "x86_64",
            "block_device_mappings": [
              {
                "device_name": "/dev/sda1",
                "ebs": {
                  "delete_on_termination": "true",
                  "encrypted": "false",
                  "iops": "0",
                  "snapshot_id": "snap-0af0f13b19df83ebd",
                  "volume_size": "8",
                  "volume_type": "gp2"
                },
                "no_device": "",
                "virtual_name": ""
              },
              {
                "device_name": "/dev/sdb",
                "ebs": {},
                "no_device": "",
                "virtual_name": "ephemeral0"
              },
              {
                "device_name": "/dev/sdc",
                "ebs": {},
                "no_device": "",
                "virtual_name": "ephemeral1"
              }
            ],
            "creation_date": "2020-02-04T18:51:51.000Z",
            "description": "Canonical, Ubuntu, 18.04 LTS, amd64 bionic image build on 2020-01-31",
            "executable_users": null,
            "filter": [
              {
                "name": "name",
                "values": [
                  "ubuntu/images/hvm-ssd/ubuntu-bionic-18.04-amd64-server-*"
                ]
              },
              {
                "name": "virtualization-type",
                "values": [
                  "hvm"
                ]
              }
            ],
            "hypervisor": "xen",
            "id": "ami-046842448f9e74e7d",
            "image_id": "ami-046842448f9e74e7d",
            "image_location": "099720109477/ubuntu/images/hvm-ssd/ubuntu-bionic-18.04-amd64-server-20200131",
            "image_owner_alias": null,
            "image_type": "machine",
            "kernel_id": null,
            "most_recent": true,
            "name": "ubuntu/images/hvm-ssd/ubuntu-bionic-18.04-amd64-server-20200131",
            "name_regex": null,
            "owner_id": "099720109477",
            "owners": [
              "099720109477"
            ],
            "platform": null,
            "product_codes": [],
            "public": true,
            "ramdisk_id": null,
            "root_device_name": "/dev/sda1",
            "root_device_type": "ebs",
            "root_snapshot_id": "snap-0af0f13b19df83ebd",
            "sriov_net_support": "simple",
            "state": "available",
            "state_reason": {
              "code": "UNSET",
              "message": "UNSET"
            },
            "tags": {},
            "virtualization_type": "hvm"
          }
        }
      ]
    },
    {
      "mode": "data",
      "type": "aws_availability_zones",
      "name": "available",
      "provider": "provider.aws",
      "instances": [
        {
          "schema_version": 0,
          "attributes": {
            "blacklisted_names": null,
            "blacklisted_zone_ids": null,
            "id": "2020-02-24 08:48:54.648179 +0000 UTC",
            "names": [
              "us-east-1a",
              "us-east-1b",
              "us-east-1c",
              "us-east-1d",
              "us-east-1e",
              "us-east-1f"
            ],
            "state": "available",
            "zone_ids": [
              "use1-az4",
              "use1-az6",
              "use1-az1",
              "use1-az2",
              "use1-az3",
              "use1-az5"
            ]
          }
        }
      ]
    },
    {
      "mode": "data",
      "type": "aws_internet_gateway",
      "name": "default",
      "provider": "provider.aws",
      "instances": [
        {
          "schema_version": 0,
          "attributes": {
            "attachments": [
              {
                "state": "available",
                "vpc_id": "vpc-60a9801a"
              }
            ],
            "filter": [
              {
                "name": "attachment.vpc-id",
                "values": [
                  "vpc-60a9801a"
                ]
              }
            ],
            "id": "igw-6d5cc016",
            "internet_gateway_id": "igw-6d5cc016",
            "owner_id": "413406270708",
            "tags": {}
          }
        }
      ]
    },
    {
      "mode": "data",
      "type": "aws_vpc",
      "name": "selected",
      "provider": "provider.aws",
      "instances": [
        {
          "schema_version": 0,
          "attributes": {
            "arn": "arn:aws:ec2:us-east-1:413406270708:vpc/vpc-60a9801a",
            "cidr_block": "172.31.0.0/16",
            "cidr_block_associations": [
              {
                "association_id": "vpc-cidr-assoc-5ecaf032",
                "cidr_block": "172.31.0.0/16",
                "state": "associated"
              }
            ],
            "default": true,
            "dhcp_options_id": "dopt-3b27ed41",
            "enable_dns_hostnames": true,
            "enable_dns_support": true,
            "filter": null,
            "id": "vpc-60a9801a",
            "instance_tenancy": "default",
            "ipv6_association_id": null,
            "ipv6_cidr_block": null,
            "main_route_table_id": "rtb-4273c73c",
            "owner_id": "413406270708",
            "state": "available",
            "tags": {}
          }
        }
      ]
    },
    {
      "mode": "managed",
      "type": "aws_default_vpc",
      "name": "default",
      "provider": "provider.aws",
      "instances": [
        {
          "schema_version": 1,
          "attributes": {
            "arn": "arn:aws:ec2:us-east-1:413406270708:vpc/vpc-60a9801a",
            "assign_generated_ipv6_cidr_block": false,
            "cidr_block": "172.31.0.0/16",
            "default_network_acl_id": "acl-6447d719",
            "default_route_table_id": "rtb-4273c73c",
            "default_security_group_id": "sg-fdc6a6d5",
            "dhcp_options_id": "dopt-3b27ed41",
            "enable_classiclink": false,
            "enable_classiclink_dns_support": false,
            "enable_dns_hostnames": true,
            "enable_dns_support": true,
            "id": "vpc-60a9801a",
            "instance_tenancy": "default",
            "ipv6_association_id": "",
            "ipv6_cidr_block": "",
            "main_route_table_id": "rtb-4273c73c",
            "owner_id": "413406270708",
            "tags": {}
          },
          "private": "eyJzY2hlbWFfdmVyc2lvbiI6IjEifQ=="
        }
      ]
    },
    {
      "mode": "managed",
      "type": "aws_elb",
      "name": "control_plane",
      "provider": "provider.aws",
      "instances": []
    },
    {
      "mode": "managed",
      "type": "aws_iam_instance_profile",
      "name": "profile",
      "provider": "provider.aws",
      "instances": [
        {
          "schema_version": 0,
          "attributes": {
            "arn": "arn:aws:iam::413406270708:instance-profile/udacity-microservices1-host",
            "create_date": "2020-02-24T08:45:47Z",
            "id": "udacity-microservices1-host",
            "name": "udacity-microservices1-host",
            "name_prefix": null,
            "path": "/",
            "role": "udacity-microservices1-host",
            "roles": [
              "udacity-microservices1-host"
            ],
            "unique_id": "AIPAWAQHPCT2AXSMO2GPK"
          },
          "private": "bnVsbA==",
          "dependencies": [
            "aws_iam_role.role"
          ]
        }
      ]
    },
    {
      "mode": "managed",
      "type": "aws_iam_role",
      "name": "role",
      "provider": "provider.aws",
      "instances": [
        {
          "schema_version": 0,
          "attributes": {
            "arn": "arn:aws:iam::413406270708:role/udacity-microservices1-host",
            "assume_role_policy": "{\"Version\":\"2012-10-17\",\"Statement\":[{\"Effect\":\"Allow\",\"Principal\":{\"Service\":\"ec2.amazonaws.com\"},\"Action\":\"sts:AssumeRole\"}]}",
            "create_date": "2020-02-24T08:45:45Z",
            "description": "",
            "force_detach_policies": false,
            "id": "udacity-microservices1-host",
            "max_session_duration": 3600,
            "name": "udacity-microservices1-host",
            "name_prefix": null,
            "path": "/",
            "permissions_boundary": null,
            "tags": {},
            "unique_id": "AROAWAQHPCT2OAFN2PPB4"
          },
          "private": "bnVsbA=="
        }
      ]
    },
    {
      "mode": "managed",
      "type": "aws_iam_role_policy",
      "name": "policy",
      "provider": "provider.aws",
      "instances": [
        {
          "schema_version": 0,
          "attributes": {
            "id": "udacity-microservices1-host:udacity-microservices1-host",
            "name": "udacity-microservices1-host",
            "name_prefix": null,
            "policy": "{\"Statement\":[{\"Action\":[\"ec2:*\"],\"Effect\":\"Allow\",\"Resource\":[\"*\"]},{\"Action\":[\"elasticloadbalancing:*\"],\"Effect\":\"Allow\",\"Resource\":[\"*\"]}],\"Version\":\"2012-10-17\"}",
            "role": "udacity-microservices1-host"
          },
          "private": "bnVsbA==",
          "dependencies": [
            "aws_iam_role.role"
          ]
        }
      ]
    },
    {
      "mode": "managed",
      "type": "aws_instance",
      "name": "control_plane",
      "each": "list",
      "provider": "provider.aws",
      "instances": []
    },
    {
      "mode": "managed",
      "type": "aws_key_pair",
      "name": "deployer",
      "provider": "provider.aws",
      "instances": [
        {
          "schema_version": 1,
          "attributes": {
            "fingerprint": "d8:59:d9:a3:19:67:e1:07:8a:f2:3c:45:3d:27:9d:66",
            "id": "udacity-microservices1-deployer-key",
            "key_name": "udacity-microservices1-deployer-key",
            "key_name_prefix": null,
            "key_pair_id": "key-034ab23aceb509a83",
            "public_key": "ssh-rsa AAAAB3NzaC1yc2EAAAADAQABAAABAQDjXKJBRpk0j1aB65s43bvWddQDgbG4uuKTMfLP2u+OyU4u8YGQi3QH/bnxBTcoWgT/5Ns8TZSZbQb7aObQ82XEEJveatmtXtaQO+GY+jTBA/ddmwJbWPYDZhOkpSKRVMmuE3mVYX2AH9ff798X35naCdzPQAzob9IyipFZ0J7XddFSDL7Q0NRfE0yq4Up5qfvUojQnqadA34IWcKFmxcRy6cr099bAtE/ZEbH2kPXx6T5ByHTvGQOz2sOoAdgnTYa6SoBxcyfrmXeeY2a2cZ5G4Gvr2lWas/cdU81vEYAyN3dOq6yGJWIILvXRtevng7nPOJmz2z3Pzp7BVIuq1d1v aws-eb-udagram",
            "tags": {}
          },
          "private": "eyJzY2hlbWFfdmVyc2lvbiI6IjEifQ=="
        }
      ]
    },
    {
      "mode": "managed",
      "type": "aws_security_group",
      "name": "common",
      "provider": "provider.aws",
      "instances": [
        {
          "schema_version": 1,
          "attributes": {
            "arn": "arn:aws:ec2:us-east-1:413406270708:security-group/sg-0f244614b3e687582",
            "description": "cluster common rules",
            "egress": [
              {
                "cidr_blocks": [
                  "0.0.0.0/0"
                ],
                "description": "allow all outgoing traffic",
                "from_port": 0,
                "ipv6_cidr_blocks": [],
                "prefix_list_ids": [],
                "protocol": "-1",
                "security_groups": [],
                "self": false,
                "to_port": 0
              }
            ],
            "id": "sg-0f244614b3e687582",
            "ingress": [
              {
                "cidr_blocks": [],
                "description": "allow all incomming traffic from members of this group",
                "from_port": 0,
                "ipv6_cidr_blocks": [],
                "prefix_list_ids": [],
                "protocol": "-1",
                "security_groups": [],
                "self": true,
                "to_port": 0
              }
            ],
            "name": "udacity-microservices1-common",
            "name_prefix": null,
            "owner_id": "413406270708",
            "revoke_rules_on_delete": false,
            "tags": {
              "Cluster": "udacity-microservices1",
              "kubernetes.io/cluster/udacity-microservices1": "shared"
            },
            "timeouts": null,
            "vpc_id": "vpc-60a9801a"
          },
          "private": "eyJlMmJmYjczMC1lY2FhLTExZTYtOGY4OC0zNDM2M2JjN2M0YzAiOnsiY3JlYXRlIjo2MDAwMDAwMDAwMDAsImRlbGV0ZSI6NjAwMDAwMDAwMDAwfSwic2NoZW1hX3ZlcnNpb24iOiIxIn0=",
          "dependencies": [
            "aws_default_vpc.default"
          ]
        }
      ]
    },
    {
      "mode": "managed",
      "type": "aws_security_group",
      "name": "elb",
      "provider": "provider.aws",
      "instances": [
        {
          "schema_version": 1,
          "attributes": {
            "arn": "arn:aws:ec2:us-east-1:413406270708:security-group/sg-056482d371d508168",
            "description": "kube-api firewall",
            "egress": [
              {
                "cidr_blocks": [
                  "0.0.0.0/0"
                ],
                "description": "allow all outgoing traffic",
                "from_port": 0,
                "ipv6_cidr_blocks": [],
                "prefix_list_ids": [],
                "protocol": "-1",
                "security_groups": [],
                "self": false,
                "to_port": 0
              }
            ],
            "id": "sg-056482d371d508168",
            "ingress": [
              {
                "cidr_blocks": [
                  "0.0.0.0/0"
                ],
                "description": "allow anyone to connect to tcp/6443",
                "from_port": 6443,
                "ipv6_cidr_blocks": [],
                "prefix_list_ids": [],
                "protocol": "tcp",
                "security_groups": [],
                "self": false,
                "to_port": 6443
              }
            ],
            "name": "udacity-microservices1-api-lb",
            "name_prefix": null,
            "owner_id": "413406270708",
            "revoke_rules_on_delete": false,
            "tags": {
              "Cluster": "udacity-microservices1"
            },
            "timeouts": null,
            "vpc_id": "vpc-60a9801a"
          },
          "private": "eyJlMmJmYjczMC1lY2FhLTExZTYtOGY4OC0zNDM2M2JjN2M0YzAiOnsiY3JlYXRlIjo2MDAwMDAwMDAwMDAsImRlbGV0ZSI6NjAwMDAwMDAwMDAwfSwic2NoZW1hX3ZlcnNpb24iOiIxIn0=",
          "dependencies": [
            "aws_default_vpc.default"
          ]
        }
      ]
    },
    {
      "mode": "managed",
      "type": "aws_security_group",
      "name": "ssh",
      "provider": "provider.aws",
      "instances": [
        {
          "schema_version": 1,
          "attributes": {
            "arn": "arn:aws:ec2:us-east-1:413406270708:security-group/sg-08fa1ca3982cdfa41",
            "description": "ssh access",
            "egress": [],
            "id": "sg-08fa1ca3982cdfa41",
            "ingress": [
              {
                "cidr_blocks": [
                  "0.0.0.0/0"
                ],
                "description": "allow incomming SSH",
                "from_port": 22,
                "ipv6_cidr_blocks": [],
                "prefix_list_ids": [],
                "protocol": "tcp",
                "security_groups": [],
                "self": false,
                "to_port": 22
              }
            ],
            "name": "udacity-microservices1-ssh",
            "name_prefix": null,
            "owner_id": "413406270708",
            "revoke_rules_on_delete": false,
            "tags": {
              "Cluster": "udacity-microservices1"
            },
            "timeouts": null,
            "vpc_id": "vpc-60a9801a"
          },
          "private": "eyJlMmJmYjczMC1lY2FhLTExZTYtOGY4OC0zNDM2M2JjN2M0YzAiOnsiY3JlYXRlIjo2MDAwMDAwMDAwMDAsImRlbGV0ZSI6NjAwMDAwMDAwMDAwfSwic2NoZW1hX3ZlcnNpb24iOiIxIn0=",
          "dependencies": [
            "aws_default_vpc.default"
          ]
        }
      ]
    },
    {
      "mode": "managed",
      "type": "aws_security_group_rule",
      "name": "egress_allow_all",
      "provider": "provider.aws",
      "instances": [
        {
          "schema_version": 2,
          "attributes": {
            "cidr_blocks": [
              "0.0.0.0/0"
            ],
            "description": "allow all outgoing traffic",
            "from_port": 0,
            "id": "sgrule-1542241240",
            "ipv6_cidr_blocks": [],
            "prefix_list_ids": [],
            "protocol": "-1",
            "security_group_id": "sg-0f244614b3e687582",
            "self": false,
            "source_security_group_id": null,
            "to_port": 0,
            "type": "egress"
          },
          "private": "eyJzY2hlbWFfdmVyc2lvbiI6IjIifQ==",
          "dependencies": [
            "aws_default_vpc.default",
            "aws_security_group.common"
          ]
        }
      ]
    },
    {
      "mode": "managed",
      "type": "aws_security_group_rule",
      "name": "ingress_self_allow_all",
      "provider": "provider.aws",
      "instances": [
        {
          "schema_version": 2,
          "attributes": {
            "cidr_blocks": [],
            "description": "allow all incomming traffic from members of this group",
            "from_port": 0,
            "id": "sgrule-887277230",
            "ipv6_cidr_blocks": [],
            "prefix_list_ids": [],
            "protocol": "-1",
            "security_group_id": "sg-0f244614b3e687582",
            "self": true,
            "source_security_group_id": "sg-0f244614b3e687582",
            "to_port": 0,
            "type": "ingress"
          },
          "private": "eyJzY2hlbWFfdmVyc2lvbiI6IjIifQ==",
          "dependencies": [
            "aws_default_vpc.default",
            "aws_security_group.common"
          ]
        }
      ]
    },
    {
      "mode": "managed",
      "type": "aws_security_group_rule",
      "name": "nodeports",
      "each": "list",
      "provider": "provider.aws",
      "instances": []
    },
    {
      "mode": "managed",
      "type": "aws_subnet",
      "name": "public",
      "each": "list",
      "provider": "provider.aws",
      "instances": [
        {
          "index_key": 0,
          "schema_version": 1,
          "attributes": {
            "arn": "arn:aws:ec2:us-east-1:413406270708:subnet/subnet-051820b309d26fd88",
            "assign_ipv6_address_on_creation": false,
            "availability_zone": "us-east-1a",
            "availability_zone_id": "use1-az4",
            "cidr_block": "172.31.146.0/24",
            "id": "subnet-051820b309d26fd88",
            "ipv6_cidr_block": "",
            "ipv6_cidr_block_association_id": "",
            "map_public_ip_on_launch": true,
            "owner_id": "413406270708",
            "tags": {
              "Cluster": "udacity-microservices1",
              "Name": "udacity-microservices1-us-east-1a",
              "kubernetes.io/cluster/udacity-microservices1": "shared"
            },
            "timeouts": null,
            "vpc_id": "vpc-60a9801a"
          },
          "private": "eyJlMmJmYjczMC1lY2FhLTExZTYtOGY4OC0zNDM2M2JjN2M0YzAiOnsiY3JlYXRlIjo2MDAwMDAwMDAwMDAsImRlbGV0ZSI6MTIwMDAwMDAwMDAwMH0sInNjaGVtYV92ZXJzaW9uIjoiMSJ9",
          "dependencies": [
            "aws_default_vpc.default",
            "random_integer.cidr_block"
          ]
        },
        {
          "index_key": 1,
          "schema_version": 1,
          "attributes": {
            "arn": "arn:aws:ec2:us-east-1:413406270708:subnet/subnet-00a7cdb726a28e0eb",
            "assign_ipv6_address_on_creation": false,
            "availability_zone": "us-east-1b",
            "availability_zone_id": "use1-az6",
            "cidr_block": "172.31.147.0/24",
            "id": "subnet-00a7cdb726a28e0eb",
            "ipv6_cidr_block": "",
            "ipv6_cidr_block_association_id": "",
            "map_public_ip_on_launch": true,
            "owner_id": "413406270708",
            "tags": {
              "Cluster": "udacity-microservices1",
              "Name": "udacity-microservices1-us-east-1b",
              "kubernetes.io/cluster/udacity-microservices1": "shared"
            },
            "timeouts": null,
            "vpc_id": "vpc-60a9801a"
          },
          "private": "eyJlMmJmYjczMC1lY2FhLTExZTYtOGY4OC0zNDM2M2JjN2M0YzAiOnsiY3JlYXRlIjo2MDAwMDAwMDAwMDAsImRlbGV0ZSI6MTIwMDAwMDAwMDAwMH0sInNjaGVtYV92ZXJzaW9uIjoiMSJ9",
          "dependencies": [
            "aws_default_vpc.default",
            "random_integer.cidr_block"
          ]
        },
        {
          "index_key": 2,
          "schema_version": 1,
          "attributes": {
            "arn": "arn:aws:ec2:us-east-1:413406270708:subnet/subnet-07b2df6e081178724",
            "assign_ipv6_address_on_creation": false,
            "availability_zone": "us-east-1c",
            "availability_zone_id": "use1-az1",
            "cidr_block": "172.31.148.0/24",
            "id": "subnet-07b2df6e081178724",
            "ipv6_cidr_block": "",
            "ipv6_cidr_block_association_id": "",
            "map_public_ip_on_launch": true,
            "owner_id": "413406270708",
            "tags": {
              "Cluster": "udacity-microservices1",
              "Name": "udacity-microservices1-us-east-1c",
              "kubernetes.io/cluster/udacity-microservices1": "shared"
            },
            "timeouts": null,
            "vpc_id": "vpc-60a9801a"
          },
          "private": "eyJlMmJmYjczMC1lY2FhLTExZTYtOGY4OC0zNDM2M2JjN2M0YzAiOnsiY3JlYXRlIjo2MDAwMDAwMDAwMDAsImRlbGV0ZSI6MTIwMDAwMDAwMDAwMH0sInNjaGVtYV92ZXJzaW9uIjoiMSJ9",
          "dependencies": [
            "aws_default_vpc.default",
            "random_integer.cidr_block"
          ]
        }
      ]
    },
    {
      "mode": "managed",
      "type": "random_integer",
      "name": "cidr_block",
      "provider": "provider.random",
      "instances": [
        {
          "schema_version": 0,
          "attributes": {
            "id": "146",
            "keepers": null,
            "max": 255,
            "min": 0,
            "result": 146,
            "seed": null
          },
          "private": "bnVsbA==",
          "dependencies": [
            "aws_default_vpc.default"
          ]
        }
      ]
    }
  ]
}
